
Microsoft Visual Studio Solution File, Format Version 12.00
# Visual Studio Version 17
VisualStudioVersion = 17.6.33829.357
MinimumVisualStudioVersion = 10.0.40219.1
Project("{FAE04EC0-301F-11D3-BF4B-00C04F79EFBC}") = "mineSwepper", "mineSwepper\mineSwepper.csproj", "{75C2A0EB-FC18-4026-A6B5-D135E964F1A3}"
EndProject
Global
	GlobalSection(SolutionConfigurationPlatforms) = preSolution
		Debug|Any CPU = Debug|Any CPU
		Release|Any CPU = Release|Any CPU
	EndGlobalSection
	GlobalSection(ProjectConfigurationPlatforms) = postSolution
		{75C2A0EB-FC18-4026-A6B5-D135E964F1A3}.Debug|Any CPU.ActiveCfg = Debug|Any CPU
		{75C2A0EB-FC18-4026-A6B5-D135E964F1A3}.Debug|Any CPU.Build.0 = Debug|Any CPU
		{75C2A0EB-FC18-4026-A6B5-D135E964F1A3}.Release|Any CPU.ActiveCfg = Release|Any CPU
		{75C2A0EB-FC18-4026-A6B5-D135E964F1A3}.Release|Any CPU.Build.0 = Release|Any CPU
	EndGlobalSection
	GlobalSection(SolutionProperties) = preSolution
		HideSolutionNode = FALSE
	EndGlobalSection
	GlobalSection(ExtensibilityGlobals) = postSolution
		SolutionGuid = {1708D12C-D9D2-4844-A1AC-3B22DDBC767B}
	EndGlobalSection
EndGlobal
